
Microsoft Visual Studio Solution File, Format Version 12.00
# Visual Studio 15
VisualStudioVersion = 15.0.28307.489
MinimumVisualStudioVersion = 10.0.40219.1
Project("{9A19103F-16F7-4668-BE54-9A1E7A4F7556}") = "bitlyTest", "bitlyTest\bitlyTest.csproj", "{3AF69B2F-5EF3-4DF4-B90A-F94F14602BDE}"
EndProject
Project("{E53339B2-1760-4266-BCC7-CA923CBCF16C}") = "docker-compose", "docker-compose.dcproj", "{205FF2B7-A91F-4E8E-A4CF-29EDE7ED239C}"
EndProject
Global
	GlobalSection(SolutionConfigurationPlatforms) = preSolution
		Debug|Any CPU = Debug|Any CPU
		Release|Any CPU = Release|Any CPU
	EndGlobalSection
	GlobalSection(ProjectConfigurationPlatforms) = postSolution
		{3AF69B2F-5EF3-4DF4-B90A-F94F14602BDE}.Debug|Any CPU.ActiveCfg = Debug|Any CPU
		{3AF69B2F-5EF3-4DF4-B90A-F94F14602BDE}.Debug|Any CPU.Build.0 = Debug|Any CPU
		{3AF69B2F-5EF3-4DF4-B90A-F94F14602BDE}.Release|Any CPU.ActiveCfg = Release|Any CPU
		{3AF69B2F-5EF3-4DF4-B90A-F94F14602BDE}.Release|Any CPU.Build.0 = Release|Any CPU
		{205FF2B7-A91F-4E8E-A4CF-29EDE7ED239C}.Debug|Any CPU.ActiveCfg = Debug|Any CPU
		{205FF2B7-A91F-4E8E-A4CF-29EDE7ED239C}.Debug|Any CPU.Build.0 = Debug|Any CPU
		{205FF2B7-A91F-4E8E-A4CF-29EDE7ED239C}.Release|Any CPU.ActiveCfg = Release|Any CPU
		{205FF2B7-A91F-4E8E-A4CF-29EDE7ED239C}.Release|Any CPU.Build.0 = Release|Any CPU
	EndGlobalSection
	GlobalSection(SolutionProperties) = preSolution
		HideSolutionNode = FALSE
	EndGlobalSection
	GlobalSection(ExtensibilityGlobals) = postSolution
		SolutionGuid = {D4F98CF3-35C1-4D18-8BCB-59BA0C3DFAF0}
	EndGlobalSection
EndGlobal
